
Microsoft Visual Studio Solution File, Format Version 12.00
# Visual Studio Version 17
VisualStudioVersion = 17.4.33213.308
MinimumVisualStudioVersion = 10.0.40219.1
Project("{FAE04EC0-301F-11D3-BF4B-00C04F79EFBC}") = "ProyectoCine.Android", "ProyectoCine.Android\ProyectoCine.Android.csproj", "{D1565F6E-4786-46CC-94F5-35151AF971F2}"
EndProject
Project("{FAE04EC0-301F-11D3-BF4B-00C04F79EFBC}") = "ProyectoCine", "ProyectoCine\ProyectoCine.csproj", "{6954293C-73A4-4EAC-B6FB-FEE29E97F11D}"
EndProject
Global
	GlobalSection(SolutionConfigurationPlatforms) = preSolution
		Debug|Any CPU = Debug|Any CPU
		Release|Any CPU = Release|Any CPU
	EndGlobalSection
	GlobalSection(ProjectConfigurationPlatforms) = postSolution
		{D1565F6E-4786-46CC-94F5-35151AF971F2}.Debug|Any CPU.ActiveCfg = Debug|Any CPU
		{D1565F6E-4786-46CC-94F5-35151AF971F2}.Debug|Any CPU.Build.0 = Debug|Any CPU
		{D1565F6E-4786-46CC-94F5-35151AF971F2}.Debug|Any CPU.Deploy.0 = Debug|Any CPU
		{D1565F6E-4786-46CC-94F5-35151AF971F2}.Release|Any CPU.ActiveCfg = Release|Any CPU
		{D1565F6E-4786-46CC-94F5-35151AF971F2}.Release|Any CPU.Build.0 = Release|Any CPU
		{D1565F6E-4786-46CC-94F5-35151AF971F2}.Release|Any CPU.Deploy.0 = Release|Any CPU
		{6954293C-73A4-4EAC-B6FB-FEE29E97F11D}.Debug|Any CPU.ActiveCfg = Debug|Any CPU
		{6954293C-73A4-4EAC-B6FB-FEE29E97F11D}.Debug|Any CPU.Build.0 = Debug|Any CPU
		{6954293C-73A4-4EAC-B6FB-FEE29E97F11D}.Debug|Any CPU.Deploy.0 = Debug|Any CPU
		{6954293C-73A4-4EAC-B6FB-FEE29E97F11D}.Release|Any CPU.ActiveCfg = Release|Any CPU
		{6954293C-73A4-4EAC-B6FB-FEE29E97F11D}.Release|Any CPU.Build.0 = Release|Any CPU
		{6954293C-73A4-4EAC-B6FB-FEE29E97F11D}.Release|Any CPU.Deploy.0 = Release|Any CPU
	EndGlobalSection
	GlobalSection(SolutionProperties) = preSolution
		HideSolutionNode = FALSE
	EndGlobalSection
	GlobalSection(ExtensibilityGlobals) = postSolution
		SolutionGuid = {17AA84D3-FA89-4331-AE91-10C41BEA4B58}
	EndGlobalSection
EndGlobal
